
Microsoft Visual Studio Solution File, Format Version 12.00
# Visual Studio Version 16
VisualStudioVersion = 16.0.31515.178
MinimumVisualStudioVersion = 10.0.40219.1
Project("{FAE04EC0-301F-11D3-BF4B-00C04F79EFBC}") = "ticket without mail", "ticket without mail\ticket without mail.csproj", "{CA28F2F7-328B-4CFC-A1EA-C7F5E82DBC8A}"
EndProject
Global
	GlobalSection(SolutionConfigurationPlatforms) = preSolution
		Debug|Any CPU = Debug|Any CPU
		Release|Any CPU = Release|Any CPU
	EndGlobalSection
	GlobalSection(ProjectConfigurationPlatforms) = postSolution
		{CA28F2F7-328B-4CFC-A1EA-C7F5E82DBC8A}.Debug|Any CPU.ActiveCfg = Debug|Any CPU
		{CA28F2F7-328B-4CFC-A1EA-C7F5E82DBC8A}.Debug|Any CPU.Build.0 = Debug|Any CPU
		{CA28F2F7-328B-4CFC-A1EA-C7F5E82DBC8A}.Release|Any CPU.ActiveCfg = Release|Any CPU
		{CA28F2F7-328B-4CFC-A1EA-C7F5E82DBC8A}.Release|Any CPU.Build.0 = Release|Any CPU
	EndGlobalSection
	GlobalSection(SolutionProperties) = preSolution
		HideSolutionNode = FALSE
	EndGlobalSection
	GlobalSection(ExtensibilityGlobals) = postSolution
		SolutionGuid = {F078C6DE-0309-4F5E-AB1B-70CBAA0C4947}
	EndGlobalSection
EndGlobal
